// !$*UTF8*$!
{
	archiveVersion = 1;
	classes = {
	};
	objectVersion = 46;
	objects = {

/* Begin PBXBuildFile section */
		0595621716A7537200607BA1 /* UIKit.framework in Frameworks */ = {isa = PBXBuildFile; fileRef = 0595621616A7537200607BA1 /* UIKit.framework */; };
		0595621916A7537200607BA1 /* Foundation.framework in Frameworks */ = {isa = PBXBuildFile; fileRef = 0595621816A7537200607BA1 /* Foundation.framework */; };
		0595621B16A7537200607BA1 /* CoreGraphics.framework in Frameworks */ = {isa = PBXBuildFile; fileRef = 0595621A16A7537200607BA1 /* CoreGraphics.framework */; };
		0595622116A7537200607BA1 /* InfoPlist.strings in Resources */ = {isa = PBXBuildFile; fileRef = 0595621F16A7537200607BA1 /* InfoPlist.strings */; };
		0595622316A7537200607BA1 /* main.m in Sources */ = {isa = PBXBuildFile; fileRef = 0595622216A7537200607BA1 /* main.m */; };
		0595622716A7537200607BA1 /* AppDelegate.m in Sources */ = {isa = PBXBuildFile; fileRef = 0595622616A7537200607BA1 /* AppDelegate.m */; };
		0595623016A7629500607BA1 /* FormularioContatoViewController.m in Sources */ = {isa = PBXBuildFile; fileRef = 0595622E16A7629500607BA1 /* FormularioContatoViewController.m */; };
		0595623116A7629500607BA1 /* FormularioContatoViewController.xib in Resources */ = {isa = PBXBuildFile; fileRef = 0595622F16A7629500607BA1 /* FormularioContatoViewController.xib */; };
		0595623416A7755500607BA1 /* Contato.m in Sources */ = {isa = PBXBuildFile; fileRef = 0595623316A7755500607BA1 /* Contato.m */; };
		059AB13A16A9F8490099BE4C /* ListaContatosViewController.m in Sources */ = {isa = PBXBuildFile; fileRef = 059AB13916A9F8490099BE4C /* ListaContatosViewController.m */; };
		05ACEF2C16B0959F0019538A /* MessageUI.framework in Frameworks */ = {isa = PBXBuildFile; fileRef = 05ACEF2B16B0959F0019538A /* MessageUI.framework */; };
		05ACEF3816B0B7850019538A /* Default.png in Resources */ = {isa = PBXBuildFile; fileRef = 05ACEF2F16B0B7850019538A /* Default.png */; };
		05ACEF3916B0B7850019538A /* Default@2x.png in Resources */ = {isa = PBXBuildFile; fileRef = 05ACEF3016B0B7850019538A /* Default@2x.png */; };
		05ACEF3A16B0B7850019538A /* gps.png in Resources */ = {isa = PBXBuildFile; fileRef = 05ACEF3116B0B7850019538A /* gps.png */; };
		05ACEF3B16B0B7850019538A /* gps@2x.png in Resources */ = {isa = PBXBuildFile; fileRef = 05ACEF3216B0B7850019538A /* gps@2x.png */; };
		05ACEF3C16B0B7850019538A /* lista-contatos.png in Resources */ = {isa = PBXBuildFile; fileRef = 05ACEF3316B0B7850019538A /* lista-contatos.png */; };
		05ACEF3D16B0B7850019538A /* lista-contatos@2x.png in Resources */ = {isa = PBXBuildFile; fileRef = 05ACEF3416B0B7850019538A /* lista-contatos@2x.png */; };
		05ACEF3E16B0B7850019538A /* mapa-contatos.png in Resources */ = {isa = PBXBuildFile; fileRef = 05ACEF3516B0B7850019538A /* mapa-contatos.png */; };
		05ACEF3F16B0B7850019538A /* mapa-contatos@2x.png in Resources */ = {isa = PBXBuildFile; fileRef = 05ACEF3616B0B7850019538A /* mapa-contatos@2x.png */; };
		05ACEF4016B0B7850019538A /* Vila Mariana.gpx in Resources */ = {isa = PBXBuildFile; fileRef = 05ACEF3716B0B7850019538A /* Vila Mariana.gpx */; };
		05ACEF4416B0BB380019538A /* ContatosNoMapaViewController.m in Sources */ = {isa = PBXBuildFile; fileRef = 05ACEF4216B0BB380019538A /* ContatosNoMapaViewController.m */; };
		05ACEF4516B0BB380019538A /* ContatosNoMapaViewController.xib in Resources */ = {isa = PBXBuildFile; fileRef = 05ACEF4316B0BB380019538A /* ContatosNoMapaViewController.xib */; };
		05ACEF4716B0BCA10019538A /* MapKit.framework in Frameworks */ = {isa = PBXBuildFile; fileRef = 05ACEF4616B0BCA10019538A /* MapKit.framework */; };
/* End PBXBuildFile section */

/* Begin PBXFileReference section */
		0595621216A7537200607BA1 /* ContatosIP67.app */ = {isa = PBXFileReference; explicitFileType = wrapper.application; includeInIndex = 0; path = ContatosIP67.app; sourceTree = BUILT_PRODUCTS_DIR; };
		0595621616A7537200607BA1 /* UIKit.framework */ = {isa = PBXFileReference; lastKnownFileType = wrapper.framework; name = UIKit.framework; path = System/Library/Frameworks/UIKit.framework; sourceTree = SDKROOT; };
		0595621816A7537200607BA1 /* Foundation.framework */ = {isa = PBXFileReference; lastKnownFileType = wrapper.framework; name = Foundation.framework; path = System/Library/Frameworks/Foundation.framework; sourceTree = SDKROOT; };
		0595621A16A7537200607BA1 /* CoreGraphics.framework */ = {isa = PBXFileReference; lastKnownFileType = wrapper.framework; name = CoreGraphics.framework; path = System/Library/Frameworks/CoreGraphics.framework; sourceTree = SDKROOT; };
		0595621E16A7537200607BA1 /* ContatosIP67-Info.plist */ = {isa = PBXFileReference; lastKnownFileType = text.plist.xml; path = "ContatosIP67-Info.plist"; sourceTree = "<group>"; };
		0595622016A7537200607BA1 /* en */ = {isa = PBXFileReference; lastKnownFileType = text.plist.strings; name = en; path = en.lproj/InfoPlist.strings; sourceTree = "<group>"; };
		0595622216A7537200607BA1 /* main.m */ = {isa = PBXFileReference; lastKnownFileType = sourcecode.c.objc; path = main.m; sourceTree = "<group>"; };
		0595622416A7537200607BA1 /* ContatosIP67-Prefix.pch */ = {isa = PBXFileReference; lastKnownFileType = sourcecode.c.h; path = "ContatosIP67-Prefix.pch"; sourceTree = "<group>"; };
		0595622516A7537200607BA1 /* AppDelegate.h */ = {isa = PBXFileReference; lastKnownFileType = sourcecode.c.h; path = AppDelegate.h; sourceTree = "<group>"; };
		0595622616A7537200607BA1 /* AppDelegate.m */ = {isa = PBXFileReference; lastKnownFileType = sourcecode.c.objc; path = AppDelegate.m; sourceTree = "<group>"; };
		0595622D16A7629500607BA1 /* FormularioContatoViewController.h */ = {isa = PBXFileReference; fileEncoding = 4; lastKnownFileType = sourcecode.c.h; path = FormularioContatoViewController.h; sourceTree = "<group>"; };
		0595622E16A7629500607BA1 /* FormularioContatoViewController.m */ = {isa = PBXFileReference; fileEncoding = 4; lastKnownFileType = sourcecode.c.objc; path = FormularioContatoViewController.m; sourceTree = "<group>"; };
		0595622F16A7629500607BA1 /* FormularioContatoViewController.xib */ = {isa = PBXFileReference; fileEncoding = 4; lastKnownFileType = file.xib; path = FormularioContatoViewController.xib; sourceTree = "<group>"; };
		0595623216A7755500607BA1 /* Contato.h */ = {isa = PBXFileReference; fileEncoding = 4; lastKnownFileType = sourcecode.c.h; path = Contato.h; sourceTree = "<group>"; };
		0595623316A7755500607BA1 /* Contato.m */ = {isa = PBXFileReference; fileEncoding = 4; lastKnownFileType = sourcecode.c.objc; path = Contato.m; sourceTree = "<group>"; };
		059AB13816A9F8490099BE4C /* ListaContatosViewController.h */ = {isa = PBXFileReference; fileEncoding = 4; lastKnownFileType = sourcecode.c.h; path = ListaContatosViewController.h; sourceTree = "<group>"; };
		059AB13916A9F8490099BE4C /* ListaContatosViewController.m */ = {isa = PBXFileReference; fileEncoding = 4; lastKnownFileType = sourcecode.c.objc; path = ListaContatosViewController.m; sourceTree = "<group>"; };
		05ACEF2B16B0959F0019538A /* MessageUI.framework */ = {isa = PBXFileReference; lastKnownFileType = wrapper.framework; name = MessageUI.framework; path = System/Library/Frameworks/MessageUI.framework; sourceTree = SDKROOT; };
		05ACEF2F16B0B7850019538A /* Default.png */ = {isa = PBXFileReference; lastKnownFileType = image.png; path = Default.png; sourceTree = "<group>"; };
		05ACEF3016B0B7850019538A /* Default@2x.png */ = {isa = PBXFileReference; lastKnownFileType = image.png; path = "Default@2x.png"; sourceTree = "<group>"; };
		05ACEF3116B0B7850019538A /* gps.png */ = {isa = PBXFileReference; lastKnownFileType = image.png; path = gps.png; sourceTree = "<group>"; };
		05ACEF3216B0B7850019538A /* gps@2x.png */ = {isa = PBXFileReference; lastKnownFileType = image.png; path = "gps@2x.png"; sourceTree = "<group>"; };
		05ACEF3316B0B7850019538A /* lista-contatos.png */ = {isa = PBXFileReference; lastKnownFileType = image.png; path = "lista-contatos.png"; sourceTree = "<group>"; };
		05ACEF3416B0B7850019538A /* lista-contatos@2x.png */ = {isa = PBXFileReference; lastKnownFileType = image.png; path = "lista-contatos@2x.png"; sourceTree = "<group>"; };
		05ACEF3516B0B7850019538A /* mapa-contatos.png */ = {isa = PBXFileReference; lastKnownFileType = image.png; path = "mapa-contatos.png"; sourceTree = "<group>"; };
		05ACEF3616B0B7850019538A /* mapa-contatos@2x.png */ = {isa = PBXFileReference; lastKnownFileType = image.png; path = "mapa-contatos@2x.png"; sourceTree = "<group>"; };
		05ACEF3716B0B7850019538A /* Vila Mariana.gpx */ = {isa = PBXFileReference; fileEncoding = 4; lastKnownFileType = text.xml; path = "Vila Mariana.gpx"; sourceTree = "<group>"; };
		05ACEF4116B0BB380019538A /* ContatosNoMapaViewController.h */ = {isa = PBXFileReference; fileEncoding = 4; lastKnownFileType = sourcecode.c.h; path = ContatosNoMapaViewController.h; sourceTree = "<group>"; };
		05ACEF4216B0BB380019538A /* ContatosNoMapaViewController.m */ = {isa = PBXFileReference; fileEncoding = 4; lastKnownFileType = sourcecode.c.objc; path = ContatosNoMapaViewController.m; sourceTree = "<group>"; };
		05ACEF4316B0BB380019538A /* ContatosNoMapaViewController.xib */ = {isa = PBXFileReference; fileEncoding = 4; lastKnownFileType = file.xib; path = ContatosNoMapaViewController.xib; sourceTree = "<group>"; };
		05ACEF4616B0BCA10019538A /* MapKit.framework */ = {isa = PBXFileReference; lastKnownFileType = wrapper.framework; name = MapKit.framework; path = System/Library/Frameworks/MapKit.framework; sourceTree = SDKROOT; };
		05F9E15716AF55CE00C551CD /* FormularioContatoViewControllerDelegate.h */ = {isa = PBXFileReference; fileEncoding = 4; lastKnownFileType = sourcecode.c.h; path = FormularioContatoViewControllerDelegate.h; sourceTree = "<group>"; };
/* End PBXFileReference section */

/* Begin PBXFrameworksBuildPhase section */
		0595620F16A7537200607BA1 /* Frameworks */ = {
			isa = PBXFrameworksBuildPhase;
			buildActionMask = 2147483647;
			files = (
				05ACEF4716B0BCA10019538A /* MapKit.framework in Frameworks */,
				05ACEF2C16B0959F0019538A /* MessageUI.framework in Frameworks */,
				0595621716A7537200607BA1 /* UIKit.framework in Frameworks */,
				0595621916A7537200607BA1 /* Foundation.framework in Frameworks */,
				0595621B16A7537200607BA1 /* CoreGraphics.framework in Frameworks */,
			);
			runOnlyForDeploymentPostprocessing = 0;
		};
/* End PBXFrameworksBuildPhase section */

/* Begin PBXGroup section */
		0595620716A7537200607BA1 = {
			isa = PBXGroup;
			children = (
				05ACEF4616B0BCA10019538A /* MapKit.framework */,
				05ACEF2B16B0959F0019538A /* MessageUI.framework */,
				05ACEF2E16B0B7610019538A /* images */,
				0595621C16A7537200607BA1 /* ContatosIP67 */,
				0595621516A7537200607BA1 /* Frameworks */,
				0595621316A7537200607BA1 /* Products */,
			);
			sourceTree = "<group>";
		};
		0595621316A7537200607BA1 /* Products */ = {
			isa = PBXGroup;
			children = (
				0595621216A7537200607BA1 /* ContatosIP67.app */,
			);
			name = Products;
			sourceTree = "<group>";
		};
		0595621516A7537200607BA1 /* Frameworks */ = {
			isa = PBXGroup;
			children = (
				0595621616A7537200607BA1 /* UIKit.framework */,
				0595621816A7537200607BA1 /* Foundation.framework */,
				0595621A16A7537200607BA1 /* CoreGraphics.framework */,
			);
			name = Frameworks;
			sourceTree = "<group>";
		};
		0595621C16A7537200607BA1 /* ContatosIP67 */ = {
			isa = PBXGroup;
			children = (
				0595622516A7537200607BA1 /* AppDelegate.h */,
				0595622616A7537200607BA1 /* AppDelegate.m */,
				059AB13816A9F8490099BE4C /* ListaContatosViewController.h */,
				059AB13916A9F8490099BE4C /* ListaContatosViewController.m */,
				0595623216A7755500607BA1 /* Contato.h */,
				0595623316A7755500607BA1 /* Contato.m */,
				0595621D16A7537200607BA1 /* Supporting Files */,
				0595622D16A7629500607BA1 /* FormularioContatoViewController.h */,
				05F9E15716AF55CE00C551CD /* FormularioContatoViewControllerDelegate.h */,
				0595622E16A7629500607BA1 /* FormularioContatoViewController.m */,
				05ACEF4116B0BB380019538A /* ContatosNoMapaViewController.h */,
				05ACEF4216B0BB380019538A /* ContatosNoMapaViewController.m */,
				05ACEF4316B0BB380019538A /* ContatosNoMapaViewController.xib */,
				0595622F16A7629500607BA1 /* FormularioContatoViewController.xib */,
			);
			path = ContatosIP67;
			sourceTree = "<group>";
		};
		0595621D16A7537200607BA1 /* Supporting Files */ = {
			isa = PBXGroup;
			children = (
				0595621E16A7537200607BA1 /* ContatosIP67-Info.plist */,
				0595621F16A7537200607BA1 /* InfoPlist.strings */,
				0595622216A7537200607BA1 /* main.m */,
				0595622416A7537200607BA1 /* ContatosIP67-Prefix.pch */,
			);
			name = "Supporting Files";
			sourceTree = "<group>";
		};
		05ACEF2E16B0B7610019538A /* images */ = {
			isa = PBXGroup;
			children = (
				05ACEF2F16B0B7850019538A /* Default.png */,
				05ACEF3016B0B7850019538A /* Default@2x.png */,
				05ACEF3116B0B7850019538A /* gps.png */,
				05ACEF3216B0B7850019538A /* gps@2x.png */,
				05ACEF3316B0B7850019538A /* lista-contatos.png */,
				05ACEF3416B0B7850019538A /* lista-contatos@2x.png */,
				05ACEF3516B0B7850019538A /* mapa-contatos.png */,
				05ACEF3616B0B7850019538A /* mapa-contatos@2x.png */,
				05ACEF3716B0B7850019538A /* Vila Mariana.gpx */,
			);
			name = images;
			sourceTree = "<group>";
		};
/* End PBXGroup section */

/* Begin PBXNativeTarget section */
		0595621116A7537200607BA1 /* ContatosIP67 */ = {
			isa = PBXNativeTarget;
			buildConfigurationList = 0595622A16A7537200607BA1 /* Build configuration list for PBXNativeTarget "ContatosIP67" */;
			buildPhases = (
				0595620E16A7537200607BA1 /* Sources */,
				0595620F16A7537200607BA1 /* Frameworks */,
				0595621016A7537200607BA1 /* Resources */,
			);
			buildRules = (
			);
			dependencies = (
			);
			name = ContatosIP67;
			productName = ContatosIP67;
			productReference = 0595621216A7537200607BA1 /* ContatosIP67.app */;
			productType = "com.apple.product-type.application";
		};
/* End PBXNativeTarget section */

/* Begin PBXProject section */
		0595620916A7537200607BA1 /* Project object */ = {
			isa = PBXProject;
			attributes = {
				LastUpgradeCheck = 0420;
			};
			buildConfigurationList = 0595620C16A7537200607BA1 /* Build configuration list for PBXProject "ContatosIP67" */;
			compatibilityVersion = "Xcode 3.2";
			developmentRegion = English;
			hasScannedForEncodings = 0;
			knownRegions = (
				en,
			);
			mainGroup = 0595620716A7537200607BA1;
			productRefGroup = 0595621316A7537200607BA1 /* Products */;
			projectDirPath = "";
			projectRoot = "";
			targets = (
				0595621116A7537200607BA1 /* ContatosIP67 */,
			);
		};
/* End PBXProject section */

/* Begin PBXResourcesBuildPhase section */
		0595621016A7537200607BA1 /* Resources */ = {
			isa = PBXResourcesBuildPhase;
			buildActionMask = 2147483647;
			files = (
				0595622116A7537200607BA1 /* InfoPlist.strings in Resources */,
				0595623116A7629500607BA1 /* FormularioContatoViewController.xib in Resources */,
				05ACEF3816B0B7850019538A /* Default.png in Resources */,
				05ACEF3916B0B7850019538A /* Default@2x.png in Resources */,
				05ACEF3A16B0B7850019538A /* gps.png in Resources */,
				05ACEF3B16B0B7850019538A /* gps@2x.png in Resources */,
				05ACEF3C16B0B7850019538A /* lista-contatos.png in Resources */,
				05ACEF3D16B0B7850019538A /* lista-contatos@2x.png in Resources */,
				05ACEF3E16B0B7850019538A /* mapa-contatos.png in Resources */,
				05ACEF3F16B0B7850019538A /* mapa-contatos@2x.png in Resources */,
				05ACEF4016B0B7850019538A /* Vila Mariana.gpx in Resources */,
				05ACEF4516B0BB380019538A /* ContatosNoMapaViewController.xib in Resources */,
			);
			runOnlyForDeploymentPostprocessing = 0;
		};
/* End PBXResourcesBuildPhase section */

/* Begin PBXSourcesBuildPhase section */
		0595620E16A7537200607BA1 /* Sources */ = {
			isa = PBXSourcesBuildPhase;
			buildActionMask = 2147483647;
			files = (
				0595622316A7537200607BA1 /* main.m in Sources */,
				0595622716A7537200607BA1 /* AppDelegate.m in Sources */,
				0595623016A7629500607BA1 /* FormularioContatoViewController.m in Sources */,
				0595623416A7755500607BA1 /* Contato.m in Sources */,
				059AB13A16A9F8490099BE4C /* ListaContatosViewController.m in Sources */,
				05ACEF4416B0BB380019538A /* ContatosNoMapaViewController.m in Sources */,
			);
			runOnlyForDeploymentPostprocessing = 0;
		};
/* End PBXSourcesBuildPhase section */

/* Begin PBXVariantGroup section */
		0595621F16A7537200607BA1 /* InfoPlist.strings */ = {
			isa = PBXVariantGroup;
			children = (
				0595622016A7537200607BA1 /* en */,
			);
			name = InfoPlist.strings;
			sourceTree = "<group>";
		};
/* End PBXVariantGroup section */

/* Begin XCBuildConfiguration section */
		0595622816A7537200607BA1 /* Debug */ = {
			isa = XCBuildConfiguration;
			buildSettings = {
				ALWAYS_SEARCH_USER_PATHS = NO;
				ARCHS = "$(ARCHS_STANDARD_32_BIT)";
				CLANG_ENABLE_OBJC_ARC = YES;
				"CODE_SIGN_IDENTITY[sdk=iphoneos*]" = "iPhone Developer";
				COPY_PHASE_STRIP = NO;
				GCC_C_LANGUAGE_STANDARD = gnu99;
				GCC_DYNAMIC_NO_PIC = NO;
				GCC_OPTIMIZATION_LEVEL = 0;
				GCC_PREPROCESSOR_DEFINITIONS = (
					"DEBUG=1",
					"$(inherited)",
				);
				GCC_SYMBOLS_PRIVATE_EXTERN = NO;
				GCC_VERSION = com.apple.compilers.llvm.clang.1_0;
				GCC_WARN_ABOUT_MISSING_PROTOTYPES = YES;
				GCC_WARN_ABOUT_RETURN_TYPE = YES;
				GCC_WARN_UNUSED_VARIABLE = YES;
				IPHONEOS_DEPLOYMENT_TARGET = 5.0;
				SDKROOT = iphoneos;
			};
			name = Debug;
		};
		0595622916A7537200607BA1 /* Release */ = {
			isa = XCBuildConfiguration;
			buildSettings = {
				ALWAYS_SEARCH_USER_PATHS = NO;
				ARCHS = "$(ARCHS_STANDARD_32_BIT)";
				CLANG_ENABLE_OBJC_ARC = YES;
				"CODE_SIGN_IDENTITY[sdk=iphoneos*]" = "iPhone Developer";
				COPY_PHASE_STRIP = YES;
				GCC_C_LANGUAGE_STANDARD = gnu99;
				GCC_VERSION = com.apple.compilers.llvm.clang.1_0;
				GCC_WARN_ABOUT_MISSING_PROTOTYPES = YES;
				GCC_WARN_ABOUT_RETURN_TYPE = YES;
				GCC_WARN_UNUSED_VARIABLE = YES;
				IPHONEOS_DEPLOYMENT_TARGET = 5.0;
				OTHER_CFLAGS = "-DNS_BLOCK_ASSERTIONS=1";
				SDKROOT = iphoneos;
				VALIDATE_PRODUCT = YES;
			};
			name = Release;
		};
		0595622B16A7537200607BA1 /* Debug */ = {
			isa = XCBuildConfiguration;
			buildSettings = {
				GCC_PRECOMPILE_PREFIX_HEADER = YES;
				GCC_PREFIX_HEADER = "ContatosIP67/ContatosIP67-Prefix.pch";
				INFOPLIST_FILE = "ContatosIP67/ContatosIP67-Info.plist";
				IPHONEOS_DEPLOYMENT_TARGET = 5.0;
				PRODUCT_NAME = "$(TARGET_NAME)";
				TARGETED_DEVICE_FAMILY = 1;
				WRAPPER_EXTENSION = app;
			};
			name = Debug;
		};
		0595622C16A7537200607BA1 /* Release */ = {
			isa = XCBuildConfiguration;
			buildSettings = {
				GCC_PRECOMPILE_PREFIX_HEADER = YES;
				GCC_PREFIX_HEADER = "ContatosIP67/ContatosIP67-Prefix.pch";
				INFOPLIST_FILE = "ContatosIP67/ContatosIP67-Info.plist";
				IPHONEOS_DEPLOYMENT_TARGET = 5.0;
				PRODUCT_NAME = "$(TARGET_NAME)";
				TARGETED_DEVICE_FAMILY = 1;
				WRAPPER_EXTENSION = app;
			};
			name = Release;
		};
/* End XCBuildConfiguration section */

/* Begin XCConfigurationList section */
		0595620C16A7537200607BA1 /* Build configuration list for PBXProject "ContatosIP67" */ = {
			isa = XCConfigurationList;
			buildConfigurations = (
				0595622816A7537200607BA1 /* Debug */,
				0595622916A7537200607BA1 /* Release */,
			);
			defaultConfigurationIsVisible = 0;
			defaultConfigurationName = Release;
		};
		0595622A16A7537200607BA1 /* Build configuration list for PBXNativeTarget "ContatosIP67" */ = {
			isa = XCConfigurationList;
			buildConfigurations = (
				0595622B16A7537200607BA1 /* Debug */,
				0595622C16A7537200607BA1 /* Release */,
			);
			defaultConfigurationIsVisible = 0;
			defaultConfigurationName = Release;
		};
/* End XCConfigurationList section */
	};
	rootObject = 0595620916A7537200607BA1 /* Project object */;
}
